github.com/alpinejs/alpine v2.7.0+incompatible/go.mod h1:BKI81egATMnaKqFeX5HEfYMnjZjcjcZmrYAu5Nck+EY=
github.com/eimajtrebor/mytheme v0.0.0-20200915143900-c8a633993ed3 h1:gULDLyKbvbQX7HcSatU712pInb6C5EcxsCWKuN8I300=
github.com/eimajtrebor/mytheme v0.0.0-20200915143900-c8a633993ed3/go.mod h1:dKigs8fOOz0dxlnYpdGW8bUwmqN9y29pABP9limJjNI=
github.com/gohugoio/hugo-mod-jslibs/alpinejs v0.6.0/go.mod h1:QB5IEnFYPAWpMEBg4tF1OW0xzI1O68QNWnqfPuUkpnU=
